
Microsoft Visual Studio Solution File, Format Version 12.00
# Visual Studio Version 17
VisualStudioVersion = 17.5.33414.496
MinimumVisualStudioVersion = 10.0.40219.1
Project("{9A19103F-16F7-4668-BE54-9A1E7A4F7556}") = "Entities", "Entities\Entities.csproj", "{B07ADA2E-1C78-4999-8435-A1CF19EF0420}"
EndProject
Project("{9A19103F-16F7-4668-BE54-9A1E7A4F7556}") = "DataAccess", "DataAccess\DataAccess.csproj", "{0B25B9BF-E587-4880-9954-DFB3A2F622CB}"
EndProject
Project("{9A19103F-16F7-4668-BE54-9A1E7A4F7556}") = "Business", "Business\Business.csproj", "{3B450521-97B3-4EB3-90C3-60D502BBF849}"
EndProject
Project("{9A19103F-16F7-4668-BE54-9A1E7A4F7556}") = "ConsoleUI", "ConsoleUI\ConsoleUI.csproj", "{AAA889C9-8867-4567-AC7F-96AED2B7580C}"
EndProject
Project("{FAE04EC0-301F-11D3-BF4B-00C04F79EFBC}") = "Core", "Core\Core.csproj", "{4987BE6B-3693-4855-B991-5B118C5AA72A}"
EndProject
Global
	GlobalSection(SolutionConfigurationPlatforms) = preSolution
		Debug|Any CPU = Debug|Any CPU
		Release|Any CPU = Release|Any CPU
	EndGlobalSection
	GlobalSection(ProjectConfigurationPlatforms) = postSolution
		{B07ADA2E-1C78-4999-8435-A1CF19EF0420}.Debug|Any CPU.ActiveCfg = Debug|Any CPU
		{B07ADA2E-1C78-4999-8435-A1CF19EF0420}.Debug|Any CPU.Build.0 = Debug|Any CPU
		{B07ADA2E-1C78-4999-8435-A1CF19EF0420}.Release|Any CPU.ActiveCfg = Release|Any CPU
		{B07ADA2E-1C78-4999-8435-A1CF19EF0420}.Release|Any CPU.Build.0 = Release|Any CPU
		{0B25B9BF-E587-4880-9954-DFB3A2F622CB}.Debug|Any CPU.ActiveCfg = Debug|Any CPU
		{0B25B9BF-E587-4880-9954-DFB3A2F622CB}.Debug|Any CPU.Build.0 = Debug|Any CPU
		{0B25B9BF-E587-4880-9954-DFB3A2F622CB}.Release|Any CPU.ActiveCfg = Release|Any CPU
		{0B25B9BF-E587-4880-9954-DFB3A2F622CB}.Release|Any CPU.Build.0 = Release|Any CPU
		{3B450521-97B3-4EB3-90C3-60D502BBF849}.Debug|Any CPU.ActiveCfg = Debug|Any CPU
		{3B450521-97B3-4EB3-90C3-60D502BBF849}.Debug|Any CPU.Build.0 = Debug|Any CPU
		{3B450521-97B3-4EB3-90C3-60D502BBF849}.Release|Any CPU.ActiveCfg = Release|Any CPU
		{3B450521-97B3-4EB3-90C3-60D502BBF849}.Release|Any CPU.Build.0 = Release|Any CPU
		{AAA889C9-8867-4567-AC7F-96AED2B7580C}.Debug|Any CPU.ActiveCfg = Debug|Any CPU
		{AAA889C9-8867-4567-AC7F-96AED2B7580C}.Debug|Any CPU.Build.0 = Debug|Any CPU
		{AAA889C9-8867-4567-AC7F-96AED2B7580C}.Release|Any CPU.ActiveCfg = Release|Any CPU
		{AAA889C9-8867-4567-AC7F-96AED2B7580C}.Release|Any CPU.Build.0 = Release|Any CPU
		{4987BE6B-3693-4855-B991-5B118C5AA72A}.Debug|Any CPU.ActiveCfg = Debug|Any CPU
		{4987BE6B-3693-4855-B991-5B118C5AA72A}.Debug|Any CPU.Build.0 = Debug|Any CPU
		{4987BE6B-3693-4855-B991-5B118C5AA72A}.Release|Any CPU.ActiveCfg = Release|Any CPU
		{4987BE6B-3693-4855-B991-5B118C5AA72A}.Release|Any CPU.Build.0 = Release|Any CPU
	EndGlobalSection
	GlobalSection(SolutionProperties) = preSolution
		HideSolutionNode = FALSE
	EndGlobalSection
	GlobalSection(ExtensibilityGlobals) = postSolution
		SolutionGuid = {C9DF9499-231F-4491-9F3F-244E3FDAB48B}
	EndGlobalSection
EndGlobal
